
Microsoft Visual Studio Solution File, Format Version 12.00
# Visual Studio Version 17
VisualStudioVersion = 17.6.33829.357
MinimumVisualStudioVersion = 10.0.40219.1
Project("{FAE04EC0-301F-11D3-BF4B-00C04F79EFBC}") = "OnlineMarket.TelegramBot", "OnlineMarket.TelegramBot\OnlineMarket.TelegramBot.csproj", "{8C17D1A7-B577-4FFD-83B9-858C4EA164A0}"
EndProject
Project("{FAE04EC0-301F-11D3-BF4B-00C04F79EFBC}") = "OnlineMarket.Data", "OnlineMarket.Data\OnlineMarket.Data.csproj", "{803EF20C-50F1-4282-BAFC-D8D8BB5F2E9E}"
EndProject
Project("{FAE04EC0-301F-11D3-BF4B-00C04F79EFBC}") = "OnlineMarket.Domain", "OnlineMarket.Domain\OnlineMarket.Domain.csproj", "{BBA6B8A2-FA5D-401E-B4A2-B35203484485}"
EndProject
Project("{FAE04EC0-301F-11D3-BF4B-00C04F79EFBC}") = "OnlineMarket.Service", "OnlineMarket.Service\OnlineMarket.Service.csproj", "{F1D6F7C5-58D8-44CE-BFEF-D0C9654932AF}"
EndProject
Global
	GlobalSection(SolutionConfigurationPlatforms) = preSolution
		Debug|Any CPU = Debug|Any CPU
		Release|Any CPU = Release|Any CPU
	EndGlobalSection
	GlobalSection(ProjectConfigurationPlatforms) = postSolution
		{8C17D1A7-B577-4FFD-83B9-858C4EA164A0}.Debug|Any CPU.ActiveCfg = Debug|Any CPU
		{8C17D1A7-B577-4FFD-83B9-858C4EA164A0}.Debug|Any CPU.Build.0 = Debug|Any CPU
		{8C17D1A7-B577-4FFD-83B9-858C4EA164A0}.Release|Any CPU.ActiveCfg = Release|Any CPU
		{8C17D1A7-B577-4FFD-83B9-858C4EA164A0}.Release|Any CPU.Build.0 = Release|Any CPU
		{803EF20C-50F1-4282-BAFC-D8D8BB5F2E9E}.Debug|Any CPU.ActiveCfg = Debug|Any CPU
		{803EF20C-50F1-4282-BAFC-D8D8BB5F2E9E}.Debug|Any CPU.Build.0 = Debug|Any CPU
		{803EF20C-50F1-4282-BAFC-D8D8BB5F2E9E}.Release|Any CPU.ActiveCfg = Release|Any CPU
		{803EF20C-50F1-4282-BAFC-D8D8BB5F2E9E}.Release|Any CPU.Build.0 = Release|Any CPU
		{BBA6B8A2-FA5D-401E-B4A2-B35203484485}.Debug|Any CPU.ActiveCfg = Debug|Any CPU
		{BBA6B8A2-FA5D-401E-B4A2-B35203484485}.Debug|Any CPU.Build.0 = Debug|Any CPU
		{BBA6B8A2-FA5D-401E-B4A2-B35203484485}.Release|Any CPU.ActiveCfg = Release|Any CPU
		{BBA6B8A2-FA5D-401E-B4A2-B35203484485}.Release|Any CPU.Build.0 = Release|Any CPU
		{F1D6F7C5-58D8-44CE-BFEF-D0C9654932AF}.Debug|Any CPU.ActiveCfg = Debug|Any CPU
		{F1D6F7C5-58D8-44CE-BFEF-D0C9654932AF}.Debug|Any CPU.Build.0 = Debug|Any CPU
		{F1D6F7C5-58D8-44CE-BFEF-D0C9654932AF}.Release|Any CPU.ActiveCfg = Release|Any CPU
		{F1D6F7C5-58D8-44CE-BFEF-D0C9654932AF}.Release|Any CPU.Build.0 = Release|Any CPU
	EndGlobalSection
	GlobalSection(SolutionProperties) = preSolution
		HideSolutionNode = FALSE
	EndGlobalSection
	GlobalSection(ExtensibilityGlobals) = postSolution
		SolutionGuid = {DBE25CE1-8C2A-4C06-ABE7-882BED3494A9}
	EndGlobalSection
EndGlobal
